
Microsoft Visual Studio Solution File, Format Version 12.00
# Visual Studio Version 17
VisualStudioVersion = 17.5.33516.290
MinimumVisualStudioVersion = 10.0.40219.1
Project("{FAE04EC0-301F-11D3-BF4B-00C04F79EFBC}") = "HTTPVersionsClient", "HTTPVersionsClient\HTTPVersionsClient.csproj", "{12A1E7D3-D85F-4F32-BEF9-9097754D1391}"
EndProject
Global
	GlobalSection(SolutionConfigurationPlatforms) = preSolution
		Debug|Any CPU = Debug|Any CPU
		Release|Any CPU = Release|Any CPU
	EndGlobalSection
	GlobalSection(ProjectConfigurationPlatforms) = postSolution
		{12A1E7D3-D85F-4F32-BEF9-9097754D1391}.Debug|Any CPU.ActiveCfg = Debug|Any CPU
		{12A1E7D3-D85F-4F32-BEF9-9097754D1391}.Debug|Any CPU.Build.0 = Debug|Any CPU
		{12A1E7D3-D85F-4F32-BEF9-9097754D1391}.Release|Any CPU.ActiveCfg = Release|Any CPU
		{12A1E7D3-D85F-4F32-BEF9-9097754D1391}.Release|Any CPU.Build.0 = Release|Any CPU
	EndGlobalSection
	GlobalSection(SolutionProperties) = preSolution
		HideSolutionNode = FALSE
	EndGlobalSection
	GlobalSection(ExtensibilityGlobals) = postSolution
		SolutionGuid = {88966FF8-7C6C-4DB8-B5EA-D8149A9663A5}
	EndGlobalSection
EndGlobal
