
Microsoft Visual Studio Solution File, Format Version 12.00
# Visual Studio Version 16
VisualStudioVersion = 16.0.31402.337
MinimumVisualStudioVersion = 10.0.40219.1
Project("{9A19103F-16F7-4668-BE54-9A1E7A4F7556}") = "BrowserBackEnd", "BrowserBackEnd\BrowserBackEnd.csproj", "{CB068B10-7527-4758-85BD-6239A7891485}"
EndProject
Project("{FAE04EC0-301F-11D3-BF4B-00C04F79EFBC}") = "FTPUploads", "FTPUploads\FTPUploads.csproj", "{C407C80D-BDB7-4835-A704-51CD8E954CD5}"
EndProject
Global
	GlobalSection(SolutionConfigurationPlatforms) = preSolution
		Debug|Any CPU = Debug|Any CPU
		Release|Any CPU = Release|Any CPU
	EndGlobalSection
	GlobalSection(ProjectConfigurationPlatforms) = postSolution
		{CB068B10-7527-4758-85BD-6239A7891485}.Debug|Any CPU.ActiveCfg = Debug|Any CPU
		{CB068B10-7527-4758-85BD-6239A7891485}.Debug|Any CPU.Build.0 = Debug|Any CPU
		{CB068B10-7527-4758-85BD-6239A7891485}.Release|Any CPU.ActiveCfg = Release|Any CPU
		{CB068B10-7527-4758-85BD-6239A7891485}.Release|Any CPU.Build.0 = Release|Any CPU
		{C407C80D-BDB7-4835-A704-51CD8E954CD5}.Debug|Any CPU.ActiveCfg = Debug|Any CPU
		{C407C80D-BDB7-4835-A704-51CD8E954CD5}.Debug|Any CPU.Build.0 = Debug|Any CPU
		{C407C80D-BDB7-4835-A704-51CD8E954CD5}.Release|Any CPU.ActiveCfg = Release|Any CPU
		{C407C80D-BDB7-4835-A704-51CD8E954CD5}.Release|Any CPU.Build.0 = Release|Any CPU
	EndGlobalSection
	GlobalSection(SolutionProperties) = preSolution
		HideSolutionNode = FALSE
	EndGlobalSection
	GlobalSection(ExtensibilityGlobals) = postSolution
		SolutionGuid = {CEC793C4-570D-4822-8E83-6DC850757B84}
	EndGlobalSection
EndGlobal
